
Microsoft Visual Studio Solution File, Format Version 12.00
# Visual Studio Version 17
VisualStudioVersion = 17.0.31912.275
MinimumVisualStudioVersion = 10.0.40219.1
Project("{9A19103F-16F7-4668-BE54-9A1E7A4F7556}") = "Playground", "Playground\Playground.csproj", "{810B763B-57BF-42FB-8D0A-4DE61E0F83D2}"
EndProject
Project("{9A19103F-16F7-4668-BE54-9A1E7A4F7556}") = "TextTools", "TextTools\TextTools.csproj", "{F034F9DB-0F41-4F5A-B8DD-FE2769140257}"
EndProject
Project("{9A19103F-16F7-4668-BE54-9A1E7A4F7556}") = "WPFTextGUI", "WPFTextGUI\WPFTextGUI.csproj", "{D5D9A711-442E-40B7-9426-82F7906E5C21}"
EndProject
Project("{FAE04EC0-301F-11D3-BF4B-00C04F79EFBC}") = "Test", "Test\Test.csproj", "{ADC6F794-856A-480F-8346-8B85871F0764}"
EndProject
Global
	GlobalSection(SolutionConfigurationPlatforms) = preSolution
		Debug|Any CPU = Debug|Any CPU
		Release|Any CPU = Release|Any CPU
	EndGlobalSection
	GlobalSection(ProjectConfigurationPlatforms) = postSolution
		{810B763B-57BF-42FB-8D0A-4DE61E0F83D2}.Debug|Any CPU.ActiveCfg = Debug|Any CPU
		{810B763B-57BF-42FB-8D0A-4DE61E0F83D2}.Debug|Any CPU.Build.0 = Debug|Any CPU
		{810B763B-57BF-42FB-8D0A-4DE61E0F83D2}.Release|Any CPU.ActiveCfg = Release|Any CPU
		{810B763B-57BF-42FB-8D0A-4DE61E0F83D2}.Release|Any CPU.Build.0 = Release|Any CPU
		{F034F9DB-0F41-4F5A-B8DD-FE2769140257}.Debug|Any CPU.ActiveCfg = Debug|Any CPU
		{F034F9DB-0F41-4F5A-B8DD-FE2769140257}.Debug|Any CPU.Build.0 = Debug|Any CPU
		{F034F9DB-0F41-4F5A-B8DD-FE2769140257}.Release|Any CPU.ActiveCfg = Release|Any CPU
		{F034F9DB-0F41-4F5A-B8DD-FE2769140257}.Release|Any CPU.Build.0 = Release|Any CPU
		{D5D9A711-442E-40B7-9426-82F7906E5C21}.Debug|Any CPU.ActiveCfg = Debug|Any CPU
		{D5D9A711-442E-40B7-9426-82F7906E5C21}.Debug|Any CPU.Build.0 = Debug|Any CPU
		{D5D9A711-442E-40B7-9426-82F7906E5C21}.Release|Any CPU.ActiveCfg = Release|Any CPU
		{D5D9A711-442E-40B7-9426-82F7906E5C21}.Release|Any CPU.Build.0 = Release|Any CPU
		{ADC6F794-856A-480F-8346-8B85871F0764}.Debug|Any CPU.ActiveCfg = Debug|Any CPU
		{ADC6F794-856A-480F-8346-8B85871F0764}.Debug|Any CPU.Build.0 = Debug|Any CPU
		{ADC6F794-856A-480F-8346-8B85871F0764}.Release|Any CPU.ActiveCfg = Release|Any CPU
		{ADC6F794-856A-480F-8346-8B85871F0764}.Release|Any CPU.Build.0 = Release|Any CPU
	EndGlobalSection
	GlobalSection(SolutionProperties) = preSolution
		HideSolutionNode = FALSE
	EndGlobalSection
	GlobalSection(ExtensibilityGlobals) = postSolution
		SolutionGuid = {3779CC25-87E8-4708-84E8-CD5B8D21AA6F}
	EndGlobalSection
EndGlobal
